
Microsoft Visual Studio Solution File, Format Version 12.00
# Visual Studio Version 17
VisualStudioVersion = 17.6.33829.357
MinimumVisualStudioVersion = 10.0.40219.1
Project("{9A19103F-16F7-4668-BE54-9A1E7A4F7556}") = "LilianQuincalla.Module", "LilianQuincalla.Module\LilianQuincalla.Module.csproj", "{6D88F33A-D5A6-4A97-ACF3-6109389FBDCF}"
EndProject
Project("{9A19103F-16F7-4668-BE54-9A1E7A4F7556}") = "LilianQuincalla.Win", "LilianQuincalla.Win\LilianQuincalla.Win.csproj", "{8E36DAD5-6F91-4AC9-AD72-338A4EF35177}"
EndProject
Project("{9A19103F-16F7-4668-BE54-9A1E7A4F7556}") = "LilianQuincalla.Blazor.Server", "LilianQuincalla.Blazor.Server\LilianQuincalla.Blazor.Server.csproj", "{7CEED216-C216-40DB-97CE-A427FFBD5D56}"
EndProject
Global
	GlobalSection(SolutionConfigurationPlatforms) = preSolution
		Debug|Any CPU = Debug|Any CPU
		EasyTest|Any CPU = EasyTest|Any CPU
		Release|Any CPU = Release|Any CPU
	EndGlobalSection
	GlobalSection(ProjectConfigurationPlatforms) = postSolution
		{6D88F33A-D5A6-4A97-ACF3-6109389FBDCF}.Debug|Any CPU.ActiveCfg = Debug|Any CPU
		{6D88F33A-D5A6-4A97-ACF3-6109389FBDCF}.Debug|Any CPU.Build.0 = Debug|Any CPU
		{6D88F33A-D5A6-4A97-ACF3-6109389FBDCF}.EasyTest|Any CPU.ActiveCfg = EasyTest|Any CPU
		{6D88F33A-D5A6-4A97-ACF3-6109389FBDCF}.EasyTest|Any CPU.Build.0 = EasyTest|Any CPU
		{6D88F33A-D5A6-4A97-ACF3-6109389FBDCF}.Release|Any CPU.ActiveCfg = Release|Any CPU
		{6D88F33A-D5A6-4A97-ACF3-6109389FBDCF}.Release|Any CPU.Build.0 = Release|Any CPU
		{8E36DAD5-6F91-4AC9-AD72-338A4EF35177}.Debug|Any CPU.ActiveCfg = Debug|Any CPU
		{8E36DAD5-6F91-4AC9-AD72-338A4EF35177}.Debug|Any CPU.Build.0 = Debug|Any CPU
		{8E36DAD5-6F91-4AC9-AD72-338A4EF35177}.EasyTest|Any CPU.ActiveCfg = EasyTest|Any CPU
		{8E36DAD5-6F91-4AC9-AD72-338A4EF35177}.EasyTest|Any CPU.Build.0 = EasyTest|Any CPU
		{8E36DAD5-6F91-4AC9-AD72-338A4EF35177}.Release|Any CPU.ActiveCfg = Release|Any CPU
		{8E36DAD5-6F91-4AC9-AD72-338A4EF35177}.Release|Any CPU.Build.0 = Release|Any CPU
		{7CEED216-C216-40DB-97CE-A427FFBD5D56}.Debug|Any CPU.ActiveCfg = Debug|Any CPU
		{7CEED216-C216-40DB-97CE-A427FFBD5D56}.Debug|Any CPU.Build.0 = Debug|Any CPU
		{7CEED216-C216-40DB-97CE-A427FFBD5D56}.EasyTest|Any CPU.ActiveCfg = EasyTest|Any CPU
		{7CEED216-C216-40DB-97CE-A427FFBD5D56}.EasyTest|Any CPU.Build.0 = EasyTest|Any CPU
		{7CEED216-C216-40DB-97CE-A427FFBD5D56}.Release|Any CPU.ActiveCfg = Release|Any CPU
		{7CEED216-C216-40DB-97CE-A427FFBD5D56}.Release|Any CPU.Build.0 = Release|Any CPU
	EndGlobalSection
	GlobalSection(SolutionProperties) = preSolution
		HideSolutionNode = FALSE
	EndGlobalSection
EndGlobal
